{
  "name": "Portolio",
  "lockfileVersion": 3,
  "requires": true,
  "packages": {
    "": {
      "dependencies": {
        "@nannoy/git-folio": "^0.1.0"
      }
    },
    "node_modules/@nannoy/git-folio": {
      "version": "0.1.0",
      "resolved": "https://registry.npmjs.org/@nannoy/git-folio/-/git-folio-0.1.0.tgz",
      "integrity": "sha512-Ij9Ih/+A49CTlzOM30j6qwL3N+ufpHhn+FvFnvg6Y+uuzdpOHSL5HSi2wX5xqXLleDB3TQiFQM2z2KzV5YqEfw==",
      "license": "MIT",
      "peerDependencies": {
        "react": ">=17.0.0"
      },
      "peerDependenciesMeta": {
        "react": {
          "optional": true
        }
      }
    }
  }
}
